
Microsoft Visual Studio Solution File, Format Version 12.00
# Visual Studio Version 16
VisualStudioVersion = 16.0.29418.71
MinimumVisualStudioVersion = 15.0.26124.0
Project("{9A19103F-16F7-4668-BE54-9A1E7A4F7556}") = "BDSA2019.Lecture09.Entities", "BDSA2019.Lecture09.Entities\BDSA2019.Lecture09.Entities.csproj", "{28566A80-7AC0-4BDF-89DA-79929B15BE07}"
EndProject
Project("{9A19103F-16F7-4668-BE54-9A1E7A4F7556}") = "BDSA2019.Lecture09.Models", "BDSA2019.Lecture09.Models\BDSA2019.Lecture09.Models.csproj", "{34D2552C-577C-49A4-821D-A5965FC56409}"
EndProject
Project("{9A19103F-16F7-4668-BE54-9A1E7A4F7556}") = "BDSA2019.Lecture09.Models.Tests", "BDSA2019.Lecture09.Models.Tests\BDSA2019.Lecture09.Models.Tests.csproj", "{71FBAE36-889B-4719-B400-FFE5479F7C18}"
EndProject
Project("{FAE04EC0-301F-11D3-BF4B-00C04F79EFBC}") = "BDSA2019.Lecture09.Web", "BDSA2019.Lecture09.Web\BDSA2019.Lecture09.Web.csproj", "{2C912918-10E0-4C77-ACCD-4CB630C7E776}"
EndProject
Project("{FAE04EC0-301F-11D3-BF4B-00C04F79EFBC}") = "BDSA2019.Lecture09.Web.Tests", "BDSA2019.Lecture09.Web.Tests\BDSA2019.Lecture09.Web.Tests.csproj", "{1462A589-3B6F-4EE5-845D-F6B4FA676568}"
EndProject
Global
	GlobalSection(SolutionConfigurationPlatforms) = preSolution
		Debug|Any CPU = Debug|Any CPU
		Debug|ARM = Debug|ARM
		Debug|ARM64 = Debug|ARM64
		Debug|x64 = Debug|x64
		Debug|x86 = Debug|x86
		Release|Any CPU = Release|Any CPU
		Release|ARM = Release|ARM
		Release|ARM64 = Release|ARM64
		Release|x64 = Release|x64
		Release|x86 = Release|x86
	EndGlobalSection
	GlobalSection(ProjectConfigurationPlatforms) = postSolution
		{28566A80-7AC0-4BDF-89DA-79929B15BE07}.Debug|Any CPU.ActiveCfg = Debug|Any CPU
		{28566A80-7AC0-4BDF-89DA-79929B15BE07}.Debug|Any CPU.Build.0 = Debug|Any CPU
		{28566A80-7AC0-4BDF-89DA-79929B15BE07}.Debug|ARM.ActiveCfg = Debug|Any CPU
		{28566A80-7AC0-4BDF-89DA-79929B15BE07}.Debug|ARM.Build.0 = Debug|Any CPU
		{28566A80-7AC0-4BDF-89DA-79929B15BE07}.Debug|ARM64.ActiveCfg = Debug|Any CPU
		{28566A80-7AC0-4BDF-89DA-79929B15BE07}.Debug|ARM64.Build.0 = Debug|Any CPU
		{28566A80-7AC0-4BDF-89DA-79929B15BE07}.Debug|x64.ActiveCfg = Debug|Any CPU
		{28566A80-7AC0-4BDF-89DA-79929B15BE07}.Debug|x64.Build.0 = Debug|Any CPU
		{28566A80-7AC0-4BDF-89DA-79929B15BE07}.Debug|x86.ActiveCfg = Debug|Any CPU
		{28566A80-7AC0-4BDF-89DA-79929B15BE07}.Debug|x86.Build.0 = Debug|Any CPU
		{28566A80-7AC0-4BDF-89DA-79929B15BE07}.Release|Any CPU.ActiveCfg = Release|Any CPU
		{28566A80-7AC0-4BDF-89DA-79929B15BE07}.Release|Any CPU.Build.0 = Release|Any CPU
		{28566A80-7AC0-4BDF-89DA-79929B15BE07}.Release|ARM.ActiveCfg = Release|Any CPU
		{28566A80-7AC0-4BDF-89DA-79929B15BE07}.Release|ARM.Build.0 = Release|Any CPU
		{28566A80-7AC0-4BDF-89DA-79929B15BE07}.Release|ARM64.ActiveCfg = Release|Any CPU
		{28566A80-7AC0-4BDF-89DA-79929B15BE07}.Release|ARM64.Build.0 = Release|Any CPU
		{28566A80-7AC0-4BDF-89DA-79929B15BE07}.Release|x64.ActiveCfg = Release|Any CPU
		{28566A80-7AC0-4BDF-89DA-79929B15BE07}.Release|x64.Build.0 = Release|Any CPU
		{28566A80-7AC0-4BDF-89DA-79929B15BE07}.Release|x86.ActiveCfg = Release|Any CPU
		{28566A80-7AC0-4BDF-89DA-79929B15BE07}.Release|x86.Build.0 = Release|Any CPU
		{34D2552C-577C-49A4-821D-A5965FC56409}.Debug|Any CPU.ActiveCfg = Debug|Any CPU
		{34D2552C-577C-49A4-821D-A5965FC56409}.Debug|Any CPU.Build.0 = Debug|Any CPU
		{34D2552C-577C-49A4-821D-A5965FC56409}.Debug|ARM.ActiveCfg = Debug|Any CPU
		{34D2552C-577C-49A4-821D-A5965FC56409}.Debug|ARM.Build.0 = Debug|Any CPU
		{34D2552C-577C-49A4-821D-A5965FC56409}.Debug|ARM64.ActiveCfg = Debug|Any CPU
		{34D2552C-577C-49A4-821D-A5965FC56409}.Debug|ARM64.Build.0 = Debug|Any CPU
		{34D2552C-577C-49A4-821D-A5965FC56409}.Debug|x64.ActiveCfg = Debug|Any CPU
		{34D2552C-577C-49A4-821D-A5965FC56409}.Debug|x64.Build.0 = Debug|Any CPU
		{34D2552C-577C-49A4-821D-A5965FC56409}.Debug|x86.ActiveCfg = Debug|Any CPU
		{34D2552C-577C-49A4-821D-A5965FC56409}.Debug|x86.Build.0 = Debug|Any CPU
		{34D2552C-577C-49A4-821D-A5965FC56409}.Release|Any CPU.ActiveCfg = Release|Any CPU
		{34D2552C-577C-49A4-821D-A5965FC56409}.Release|Any CPU.Build.0 = Release|Any CPU
		{34D2552C-577C-49A4-821D-A5965FC56409}.Release|ARM.ActiveCfg = Release|Any CPU
		{34D2552C-577C-49A4-821D-A5965FC56409}.Release|ARM.Build.0 = Release|Any CPU
		{34D2552C-577C-49A4-821D-A5965FC56409}.Release|ARM64.ActiveCfg = Release|Any CPU
		{34D2552C-577C-49A4-821D-A5965FC56409}.Release|ARM64.Build.0 = Release|Any CPU
		{34D2552C-577C-49A4-821D-A5965FC56409}.Release|x64.ActiveCfg = Release|Any CPU
		{34D2552C-577C-49A4-821D-A5965FC56409}.Release|x64.Build.0 = Release|Any CPU
		{34D2552C-577C-49A4-821D-A5965FC56409}.Release|x86.ActiveCfg = Release|Any CPU
		{34D2552C-577C-49A4-821D-A5965FC56409}.Release|x86.Build.0 = Release|Any CPU
		{71FBAE36-889B-4719-B400-FFE5479F7C18}.Debug|Any CPU.ActiveCfg = Debug|Any CPU
		{71FBAE36-889B-4719-B400-FFE5479F7C18}.Debug|Any CPU.Build.0 = Debug|Any CPU
		{71FBAE36-889B-4719-B400-FFE5479F7C18}.Debug|ARM.ActiveCfg = Debug|Any CPU
		{71FBAE36-889B-4719-B400-FFE5479F7C18}.Debug|ARM.Build.0 = Debug|Any CPU
		{71FBAE36-889B-4719-B400-FFE5479F7C18}.Debug|ARM64.ActiveCfg = Debug|Any CPU
		{71FBAE36-889B-4719-B400-FFE5479F7C18}.Debug|ARM64.Build.0 = Debug|Any CPU
		{71FBAE36-889B-4719-B400-FFE5479F7C18}.Debug|x64.ActiveCfg = Debug|Any CPU
		{71FBAE36-889B-4719-B400-FFE5479F7C18}.Debug|x64.Build.0 = Debug|Any CPU
		{71FBAE36-889B-4719-B400-FFE5479F7C18}.Debug|x86.ActiveCfg = Debug|Any CPU
		{71FBAE36-889B-4719-B400-FFE5479F7C18}.Debug|x86.Build.0 = Debug|Any CPU
		{71FBAE36-889B-4719-B400-FFE5479F7C18}.Release|Any CPU.ActiveCfg = Release|Any CPU
		{71FBAE36-889B-4719-B400-FFE5479F7C18}.Release|Any CPU.Build.0 = Release|Any CPU
		{71FBAE36-889B-4719-B400-FFE5479F7C18}.Release|ARM.ActiveCfg = Release|Any CPU
		{71FBAE36-889B-4719-B400-FFE5479F7C18}.Release|ARM.Build.0 = Release|Any CPU
		{71FBAE36-889B-4719-B400-FFE5479F7C18}.Release|ARM64.ActiveCfg = Release|Any CPU
		{71FBAE36-889B-4719-B400-FFE5479F7C18}.Release|ARM64.Build.0 = Release|Any CPU
		{71FBAE36-889B-4719-B400-FFE5479F7C18}.Release|x64.ActiveCfg = Release|Any CPU
		{71FBAE36-889B-4719-B400-FFE5479F7C18}.Release|x64.Build.0 = Release|Any CPU
		{71FBAE36-889B-4719-B400-FFE5479F7C18}.Release|x86.ActiveCfg = Release|Any CPU
		{71FBAE36-889B-4719-B400-FFE5479F7C18}.Release|x86.Build.0 = Release|Any CPU
		{2C912918-10E0-4C77-ACCD-4CB630C7E776}.Debug|Any CPU.ActiveCfg = Debug|Any CPU
		{2C912918-10E0-4C77-ACCD-4CB630C7E776}.Debug|Any CPU.Build.0 = Debug|Any CPU
		{2C912918-10E0-4C77-ACCD-4CB630C7E776}.Debug|ARM.ActiveCfg = Debug|Any CPU
		{2C912918-10E0-4C77-ACCD-4CB630C7E776}.Debug|ARM.Build.0 = Debug|Any CPU
		{2C912918-10E0-4C77-ACCD-4CB630C7E776}.Debug|ARM64.ActiveCfg = Debug|Any CPU
		{2C912918-10E0-4C77-ACCD-4CB630C7E776}.Debug|ARM64.Build.0 = Debug|Any CPU
		{2C912918-10E0-4C77-ACCD-4CB630C7E776}.Debug|x64.ActiveCfg = Debug|Any CPU
		{2C912918-10E0-4C77-ACCD-4CB630C7E776}.Debug|x64.Build.0 = Debug|Any CPU
		{2C912918-10E0-4C77-ACCD-4CB630C7E776}.Debug|x86.ActiveCfg = Debug|Any CPU
		{2C912918-10E0-4C77-ACCD-4CB630C7E776}.Debug|x86.Build.0 = Debug|Any CPU
		{2C912918-10E0-4C77-ACCD-4CB630C7E776}.Release|Any CPU.ActiveCfg = Release|Any CPU
		{2C912918-10E0-4C77-ACCD-4CB630C7E776}.Release|Any CPU.Build.0 = Release|Any CPU
		{2C912918-10E0-4C77-ACCD-4CB630C7E776}.Release|ARM.ActiveCfg = Release|Any CPU
		{2C912918-10E0-4C77-ACCD-4CB630C7E776}.Release|ARM.Build.0 = Release|Any CPU
		{2C912918-10E0-4C77-ACCD-4CB630C7E776}.Release|ARM64.ActiveCfg = Release|Any CPU
		{2C912918-10E0-4C77-ACCD-4CB630C7E776}.Release|ARM64.Build.0 = Release|Any CPU
		{2C912918-10E0-4C77-ACCD-4CB630C7E776}.Release|x64.ActiveCfg = Release|Any CPU
		{2C912918-10E0-4C77-ACCD-4CB630C7E776}.Release|x64.Build.0 = Release|Any CPU
		{2C912918-10E0-4C77-ACCD-4CB630C7E776}.Release|x86.ActiveCfg = Release|Any CPU
		{2C912918-10E0-4C77-ACCD-4CB630C7E776}.Release|x86.Build.0 = Release|Any CPU
		{1462A589-3B6F-4EE5-845D-F6B4FA676568}.Debug|Any CPU.ActiveCfg = Debug|Any CPU
		{1462A589-3B6F-4EE5-845D-F6B4FA676568}.Debug|Any CPU.Build.0 = Debug|Any CPU
		{1462A589-3B6F-4EE5-845D-F6B4FA676568}.Debug|ARM.ActiveCfg = Debug|Any CPU
		{1462A589-3B6F-4EE5-845D-F6B4FA676568}.Debug|ARM.Build.0 = Debug|Any CPU
		{1462A589-3B6F-4EE5-845D-F6B4FA676568}.Debug|ARM64.ActiveCfg = Debug|Any CPU
		{1462A589-3B6F-4EE5-845D-F6B4FA676568}.Debug|ARM64.Build.0 = Debug|Any CPU
		{1462A589-3B6F-4EE5-845D-F6B4FA676568}.Debug|x64.ActiveCfg = Debug|Any CPU
		{1462A589-3B6F-4EE5-845D-F6B4FA676568}.Debug|x64.Build.0 = Debug|Any CPU
		{1462A589-3B6F-4EE5-845D-F6B4FA676568}.Debug|x86.ActiveCfg = Debug|Any CPU
		{1462A589-3B6F-4EE5-845D-F6B4FA676568}.Debug|x86.Build.0 = Debug|Any CPU
		{1462A589-3B6F-4EE5-845D-F6B4FA676568}.Release|Any CPU.ActiveCfg = Release|Any CPU
		{1462A589-3B6F-4EE5-845D-F6B4FA676568}.Release|Any CPU.Build.0 = Release|Any CPU
		{1462A589-3B6F-4EE5-845D-F6B4FA676568}.Release|ARM.ActiveCfg = Release|Any CPU
		{1462A589-3B6F-4EE5-845D-F6B4FA676568}.Release|ARM.Build.0 = Release|Any CPU
		{1462A589-3B6F-4EE5-845D-F6B4FA676568}.Release|ARM64.ActiveCfg = Release|Any CPU
		{1462A589-3B6F-4EE5-845D-F6B4FA676568}.Release|ARM64.Build.0 = Release|Any CPU
		{1462A589-3B6F-4EE5-845D-F6B4FA676568}.Release|x64.ActiveCfg = Release|Any CPU
		{1462A589-3B6F-4EE5-845D-F6B4FA676568}.Release|x64.Build.0 = Release|Any CPU
		{1462A589-3B6F-4EE5-845D-F6B4FA676568}.Release|x86.ActiveCfg = Release|Any CPU
		{1462A589-3B6F-4EE5-845D-F6B4FA676568}.Release|x86.Build.0 = Release|Any CPU
	EndGlobalSection
	GlobalSection(SolutionProperties) = preSolution
		HideSolutionNode = FALSE
	EndGlobalSection
	GlobalSection(ExtensibilityGlobals) = postSolution
		SolutionGuid = {E5CB835B-1851-453C-822F-16FD0B056A5F}
	EndGlobalSection
EndGlobal
