
Microsoft Visual Studio Solution File, Format Version 12.00
# Visual Studio 15
VisualStudioVersion = 15.0.26124.0
MinimumVisualStudioVersion = 15.0.26124.0
Project("{FAE04EC0-301F-11D3-BF4B-00C04F79EFBC}") = "BDSA2019.Lecture02", "BDSA2019.Lecture02\BDSA2019.Lecture02.csproj", "{7C6D8220-46EA-4C96-97F6-E1FE53FFACF5}"
EndProject
Project("{FAE04EC0-301F-11D3-BF4B-00C04F79EFBC}") = "BDSA2019.Lecture02.Tests", "BDSA2019.Lecture02.Tests\BDSA2019.Lecture02.Tests.csproj", "{46BD6F27-DD03-4739-AE66-8DEF5E6EC692}"
EndProject
Global
	GlobalSection(SolutionConfigurationPlatforms) = preSolution
		Debug|Any CPU = Debug|Any CPU
		Debug|x64 = Debug|x64
		Debug|x86 = Debug|x86
		Release|Any CPU = Release|Any CPU
		Release|x64 = Release|x64
		Release|x86 = Release|x86
	EndGlobalSection
	GlobalSection(SolutionProperties) = preSolution
		HideSolutionNode = FALSE
	EndGlobalSection
	GlobalSection(ProjectConfigurationPlatforms) = postSolution
		{7C6D8220-46EA-4C96-97F6-E1FE53FFACF5}.Debug|Any CPU.ActiveCfg = Debug|Any CPU
		{7C6D8220-46EA-4C96-97F6-E1FE53FFACF5}.Debug|Any CPU.Build.0 = Debug|Any CPU
		{7C6D8220-46EA-4C96-97F6-E1FE53FFACF5}.Debug|x64.ActiveCfg = Debug|Any CPU
		{7C6D8220-46EA-4C96-97F6-E1FE53FFACF5}.Debug|x64.Build.0 = Debug|Any CPU
		{7C6D8220-46EA-4C96-97F6-E1FE53FFACF5}.Debug|x86.ActiveCfg = Debug|Any CPU
		{7C6D8220-46EA-4C96-97F6-E1FE53FFACF5}.Debug|x86.Build.0 = Debug|Any CPU
		{7C6D8220-46EA-4C96-97F6-E1FE53FFACF5}.Release|Any CPU.ActiveCfg = Release|Any CPU
		{7C6D8220-46EA-4C96-97F6-E1FE53FFACF5}.Release|Any CPU.Build.0 = Release|Any CPU
		{7C6D8220-46EA-4C96-97F6-E1FE53FFACF5}.Release|x64.ActiveCfg = Release|Any CPU
		{7C6D8220-46EA-4C96-97F6-E1FE53FFACF5}.Release|x64.Build.0 = Release|Any CPU
		{7C6D8220-46EA-4C96-97F6-E1FE53FFACF5}.Release|x86.ActiveCfg = Release|Any CPU
		{7C6D8220-46EA-4C96-97F6-E1FE53FFACF5}.Release|x86.Build.0 = Release|Any CPU
		{46BD6F27-DD03-4739-AE66-8DEF5E6EC692}.Debug|Any CPU.ActiveCfg = Debug|Any CPU
		{46BD6F27-DD03-4739-AE66-8DEF5E6EC692}.Debug|Any CPU.Build.0 = Debug|Any CPU
		{46BD6F27-DD03-4739-AE66-8DEF5E6EC692}.Debug|x64.ActiveCfg = Debug|Any CPU
		{46BD6F27-DD03-4739-AE66-8DEF5E6EC692}.Debug|x64.Build.0 = Debug|Any CPU
		{46BD6F27-DD03-4739-AE66-8DEF5E6EC692}.Debug|x86.ActiveCfg = Debug|Any CPU
		{46BD6F27-DD03-4739-AE66-8DEF5E6EC692}.Debug|x86.Build.0 = Debug|Any CPU
		{46BD6F27-DD03-4739-AE66-8DEF5E6EC692}.Release|Any CPU.ActiveCfg = Release|Any CPU
		{46BD6F27-DD03-4739-AE66-8DEF5E6EC692}.Release|Any CPU.Build.0 = Release|Any CPU
		{46BD6F27-DD03-4739-AE66-8DEF5E6EC692}.Release|x64.ActiveCfg = Release|Any CPU
		{46BD6F27-DD03-4739-AE66-8DEF5E6EC692}.Release|x64.Build.0 = Release|Any CPU
		{46BD6F27-DD03-4739-AE66-8DEF5E6EC692}.Release|x86.ActiveCfg = Release|Any CPU
		{46BD6F27-DD03-4739-AE66-8DEF5E6EC692}.Release|x86.Build.0 = Release|Any CPU
	EndGlobalSection
EndGlobal
