
Microsoft Visual Studio Solution File, Format Version 12.00
# Visual Studio 15
VisualStudioVersion = 15.0.26124.0
MinimumVisualStudioVersion = 15.0.26124.0
Project("{FAE04EC0-301F-11D3-BF4B-00C04F79EFBC}") = "BDSA2019.Lecture07.App", "BDSA2019.Lecture07.App\BDSA2019.Lecture07.App.csproj", "{551E5A36-2BD2-4FE7-A08B-24BFF4D00214}"
EndProject
Project("{FAE04EC0-301F-11D3-BF4B-00C04F79EFBC}") = "BDSA2019.Lecture07.App.Tests", "BDSA2019.Lecture07.App.Tests\BDSA2019.Lecture07.App.Tests.csproj", "{AB1EAED9-4396-4926-B8F2-F80FDD84445A}"
EndProject
Project("{FAE04EC0-301F-11D3-BF4B-00C04F79EFBC}") = "BDSA2019.Lecture07.Models", "BDSA2019.Lecture07.Models\BDSA2019.Lecture07.Models.csproj", "{A6DB984B-07DD-499E-969E-6D61FA44E004}"
EndProject
Project("{FAE04EC0-301F-11D3-BF4B-00C04F79EFBC}") = "BDSA2019.Lecture07.Models.Tests", "BDSA2019.Lecture07.Models.Tests\BDSA2019.Lecture07.Models.Tests.csproj", "{0F3EA9DA-3268-4CFF-9EB8-8669A7D19393}"
EndProject
Global
	GlobalSection(SolutionConfigurationPlatforms) = preSolution
		Debug|Any CPU = Debug|Any CPU
		Debug|x64 = Debug|x64
		Debug|x86 = Debug|x86
		Release|Any CPU = Release|Any CPU
		Release|x64 = Release|x64
		Release|x86 = Release|x86
	EndGlobalSection
	GlobalSection(SolutionProperties) = preSolution
		HideSolutionNode = FALSE
	EndGlobalSection
	GlobalSection(ProjectConfigurationPlatforms) = postSolution
		{551E5A36-2BD2-4FE7-A08B-24BFF4D00214}.Debug|Any CPU.ActiveCfg = Debug|Any CPU
		{551E5A36-2BD2-4FE7-A08B-24BFF4D00214}.Debug|Any CPU.Build.0 = Debug|Any CPU
		{551E5A36-2BD2-4FE7-A08B-24BFF4D00214}.Debug|x64.ActiveCfg = Debug|Any CPU
		{551E5A36-2BD2-4FE7-A08B-24BFF4D00214}.Debug|x64.Build.0 = Debug|Any CPU
		{551E5A36-2BD2-4FE7-A08B-24BFF4D00214}.Debug|x86.ActiveCfg = Debug|Any CPU
		{551E5A36-2BD2-4FE7-A08B-24BFF4D00214}.Debug|x86.Build.0 = Debug|Any CPU
		{551E5A36-2BD2-4FE7-A08B-24BFF4D00214}.Release|Any CPU.ActiveCfg = Release|Any CPU
		{551E5A36-2BD2-4FE7-A08B-24BFF4D00214}.Release|Any CPU.Build.0 = Release|Any CPU
		{551E5A36-2BD2-4FE7-A08B-24BFF4D00214}.Release|x64.ActiveCfg = Release|Any CPU
		{551E5A36-2BD2-4FE7-A08B-24BFF4D00214}.Release|x64.Build.0 = Release|Any CPU
		{551E5A36-2BD2-4FE7-A08B-24BFF4D00214}.Release|x86.ActiveCfg = Release|Any CPU
		{551E5A36-2BD2-4FE7-A08B-24BFF4D00214}.Release|x86.Build.0 = Release|Any CPU
		{AB1EAED9-4396-4926-B8F2-F80FDD84445A}.Debug|Any CPU.ActiveCfg = Debug|Any CPU
		{AB1EAED9-4396-4926-B8F2-F80FDD84445A}.Debug|Any CPU.Build.0 = Debug|Any CPU
		{AB1EAED9-4396-4926-B8F2-F80FDD84445A}.Debug|x64.ActiveCfg = Debug|Any CPU
		{AB1EAED9-4396-4926-B8F2-F80FDD84445A}.Debug|x64.Build.0 = Debug|Any CPU
		{AB1EAED9-4396-4926-B8F2-F80FDD84445A}.Debug|x86.ActiveCfg = Debug|Any CPU
		{AB1EAED9-4396-4926-B8F2-F80FDD84445A}.Debug|x86.Build.0 = Debug|Any CPU
		{AB1EAED9-4396-4926-B8F2-F80FDD84445A}.Release|Any CPU.ActiveCfg = Release|Any CPU
		{AB1EAED9-4396-4926-B8F2-F80FDD84445A}.Release|Any CPU.Build.0 = Release|Any CPU
		{AB1EAED9-4396-4926-B8F2-F80FDD84445A}.Release|x64.ActiveCfg = Release|Any CPU
		{AB1EAED9-4396-4926-B8F2-F80FDD84445A}.Release|x64.Build.0 = Release|Any CPU
		{AB1EAED9-4396-4926-B8F2-F80FDD84445A}.Release|x86.ActiveCfg = Release|Any CPU
		{AB1EAED9-4396-4926-B8F2-F80FDD84445A}.Release|x86.Build.0 = Release|Any CPU
		{A6DB984B-07DD-499E-969E-6D61FA44E004}.Debug|Any CPU.ActiveCfg = Debug|Any CPU
		{A6DB984B-07DD-499E-969E-6D61FA44E004}.Debug|Any CPU.Build.0 = Debug|Any CPU
		{A6DB984B-07DD-499E-969E-6D61FA44E004}.Debug|x64.ActiveCfg = Debug|Any CPU
		{A6DB984B-07DD-499E-969E-6D61FA44E004}.Debug|x64.Build.0 = Debug|Any CPU
		{A6DB984B-07DD-499E-969E-6D61FA44E004}.Debug|x86.ActiveCfg = Debug|Any CPU
		{A6DB984B-07DD-499E-969E-6D61FA44E004}.Debug|x86.Build.0 = Debug|Any CPU
		{A6DB984B-07DD-499E-969E-6D61FA44E004}.Release|Any CPU.ActiveCfg = Release|Any CPU
		{A6DB984B-07DD-499E-969E-6D61FA44E004}.Release|Any CPU.Build.0 = Release|Any CPU
		{A6DB984B-07DD-499E-969E-6D61FA44E004}.Release|x64.ActiveCfg = Release|Any CPU
		{A6DB984B-07DD-499E-969E-6D61FA44E004}.Release|x64.Build.0 = Release|Any CPU
		{A6DB984B-07DD-499E-969E-6D61FA44E004}.Release|x86.ActiveCfg = Release|Any CPU
		{A6DB984B-07DD-499E-969E-6D61FA44E004}.Release|x86.Build.0 = Release|Any CPU
		{0F3EA9DA-3268-4CFF-9EB8-8669A7D19393}.Debug|Any CPU.ActiveCfg = Debug|Any CPU
		{0F3EA9DA-3268-4CFF-9EB8-8669A7D19393}.Debug|Any CPU.Build.0 = Debug|Any CPU
		{0F3EA9DA-3268-4CFF-9EB8-8669A7D19393}.Debug|x64.ActiveCfg = Debug|Any CPU
		{0F3EA9DA-3268-4CFF-9EB8-8669A7D19393}.Debug|x64.Build.0 = Debug|Any CPU
		{0F3EA9DA-3268-4CFF-9EB8-8669A7D19393}.Debug|x86.ActiveCfg = Debug|Any CPU
		{0F3EA9DA-3268-4CFF-9EB8-8669A7D19393}.Debug|x86.Build.0 = Debug|Any CPU
		{0F3EA9DA-3268-4CFF-9EB8-8669A7D19393}.Release|Any CPU.ActiveCfg = Release|Any CPU
		{0F3EA9DA-3268-4CFF-9EB8-8669A7D19393}.Release|Any CPU.Build.0 = Release|Any CPU
		{0F3EA9DA-3268-4CFF-9EB8-8669A7D19393}.Release|x64.ActiveCfg = Release|Any CPU
		{0F3EA9DA-3268-4CFF-9EB8-8669A7D19393}.Release|x64.Build.0 = Release|Any CPU
		{0F3EA9DA-3268-4CFF-9EB8-8669A7D19393}.Release|x86.ActiveCfg = Release|Any CPU
		{0F3EA9DA-3268-4CFF-9EB8-8669A7D19393}.Release|x86.Build.0 = Release|Any CPU
	EndGlobalSection
EndGlobal
