
Microsoft Visual Studio Solution File, Format Version 12.00
# Visual Studio 15
VisualStudioVersion = 15.0.26124.0
MinimumVisualStudioVersion = 15.0.26124.0
Project("{FAE04EC0-301F-11D3-BF4B-00C04F79EFBC}") = "BDSA2019.Lecture01.App", "BDSA2019.Lecture01.App\BDSA2019.Lecture01.App.csproj", "{DEA10B05-AEA5-4C44-A352-2B51F480D41C}"
EndProject
Project("{FAE04EC0-301F-11D3-BF4B-00C04F79EFBC}") = "BDSA2019.Lecture01.App.Tests", "BDSA2019.Lecture01.App.Tests\BDSA2019.Lecture01.App.Tests.csproj", "{A9843CE5-6060-4605-82E6-76C933F287A7}"
EndProject
Project("{FAE04EC0-301F-11D3-BF4B-00C04F79EFBC}") = "BDSA2019.Lecture01.Lib", "BDSA2019.Lecture01.Lib\BDSA2019.Lecture01.Lib.csproj", "{A479E6CC-B59C-4DFC-8DAF-7BBD46090EFE}"
EndProject
Project("{FAE04EC0-301F-11D3-BF4B-00C04F79EFBC}") = "BDSA2019.Lecture01.Lib.Tests", "BDSA2019.Lecture01.Lib.Tests\BDSA2019.Lecture01.Lib.Tests.csproj", "{990623C7-9441-4140-AB95-27081FEB0861}"
EndProject
Global
	GlobalSection(SolutionConfigurationPlatforms) = preSolution
		Debug|Any CPU = Debug|Any CPU
		Debug|x64 = Debug|x64
		Debug|x86 = Debug|x86
		Release|Any CPU = Release|Any CPU
		Release|x64 = Release|x64
		Release|x86 = Release|x86
	EndGlobalSection
	GlobalSection(SolutionProperties) = preSolution
		HideSolutionNode = FALSE
	EndGlobalSection
	GlobalSection(ProjectConfigurationPlatforms) = postSolution
		{DEA10B05-AEA5-4C44-A352-2B51F480D41C}.Debug|Any CPU.ActiveCfg = Debug|Any CPU
		{DEA10B05-AEA5-4C44-A352-2B51F480D41C}.Debug|Any CPU.Build.0 = Debug|Any CPU
		{DEA10B05-AEA5-4C44-A352-2B51F480D41C}.Debug|x64.ActiveCfg = Debug|Any CPU
		{DEA10B05-AEA5-4C44-A352-2B51F480D41C}.Debug|x64.Build.0 = Debug|Any CPU
		{DEA10B05-AEA5-4C44-A352-2B51F480D41C}.Debug|x86.ActiveCfg = Debug|Any CPU
		{DEA10B05-AEA5-4C44-A352-2B51F480D41C}.Debug|x86.Build.0 = Debug|Any CPU
		{DEA10B05-AEA5-4C44-A352-2B51F480D41C}.Release|Any CPU.ActiveCfg = Release|Any CPU
		{DEA10B05-AEA5-4C44-A352-2B51F480D41C}.Release|Any CPU.Build.0 = Release|Any CPU
		{DEA10B05-AEA5-4C44-A352-2B51F480D41C}.Release|x64.ActiveCfg = Release|Any CPU
		{DEA10B05-AEA5-4C44-A352-2B51F480D41C}.Release|x64.Build.0 = Release|Any CPU
		{DEA10B05-AEA5-4C44-A352-2B51F480D41C}.Release|x86.ActiveCfg = Release|Any CPU
		{DEA10B05-AEA5-4C44-A352-2B51F480D41C}.Release|x86.Build.0 = Release|Any CPU
		{A9843CE5-6060-4605-82E6-76C933F287A7}.Debug|Any CPU.ActiveCfg = Debug|Any CPU
		{A9843CE5-6060-4605-82E6-76C933F287A7}.Debug|Any CPU.Build.0 = Debug|Any CPU
		{A9843CE5-6060-4605-82E6-76C933F287A7}.Debug|x64.ActiveCfg = Debug|Any CPU
		{A9843CE5-6060-4605-82E6-76C933F287A7}.Debug|x64.Build.0 = Debug|Any CPU
		{A9843CE5-6060-4605-82E6-76C933F287A7}.Debug|x86.ActiveCfg = Debug|Any CPU
		{A9843CE5-6060-4605-82E6-76C933F287A7}.Debug|x86.Build.0 = Debug|Any CPU
		{A9843CE5-6060-4605-82E6-76C933F287A7}.Release|Any CPU.ActiveCfg = Release|Any CPU
		{A9843CE5-6060-4605-82E6-76C933F287A7}.Release|Any CPU.Build.0 = Release|Any CPU
		{A9843CE5-6060-4605-82E6-76C933F287A7}.Release|x64.ActiveCfg = Release|Any CPU
		{A9843CE5-6060-4605-82E6-76C933F287A7}.Release|x64.Build.0 = Release|Any CPU
		{A9843CE5-6060-4605-82E6-76C933F287A7}.Release|x86.ActiveCfg = Release|Any CPU
		{A9843CE5-6060-4605-82E6-76C933F287A7}.Release|x86.Build.0 = Release|Any CPU
		{A479E6CC-B59C-4DFC-8DAF-7BBD46090EFE}.Debug|Any CPU.ActiveCfg = Debug|Any CPU
		{A479E6CC-B59C-4DFC-8DAF-7BBD46090EFE}.Debug|Any CPU.Build.0 = Debug|Any CPU
		{A479E6CC-B59C-4DFC-8DAF-7BBD46090EFE}.Debug|x64.ActiveCfg = Debug|Any CPU
		{A479E6CC-B59C-4DFC-8DAF-7BBD46090EFE}.Debug|x64.Build.0 = Debug|Any CPU
		{A479E6CC-B59C-4DFC-8DAF-7BBD46090EFE}.Debug|x86.ActiveCfg = Debug|Any CPU
		{A479E6CC-B59C-4DFC-8DAF-7BBD46090EFE}.Debug|x86.Build.0 = Debug|Any CPU
		{A479E6CC-B59C-4DFC-8DAF-7BBD46090EFE}.Release|Any CPU.ActiveCfg = Release|Any CPU
		{A479E6CC-B59C-4DFC-8DAF-7BBD46090EFE}.Release|Any CPU.Build.0 = Release|Any CPU
		{A479E6CC-B59C-4DFC-8DAF-7BBD46090EFE}.Release|x64.ActiveCfg = Release|Any CPU
		{A479E6CC-B59C-4DFC-8DAF-7BBD46090EFE}.Release|x64.Build.0 = Release|Any CPU
		{A479E6CC-B59C-4DFC-8DAF-7BBD46090EFE}.Release|x86.ActiveCfg = Release|Any CPU
		{A479E6CC-B59C-4DFC-8DAF-7BBD46090EFE}.Release|x86.Build.0 = Release|Any CPU
		{990623C7-9441-4140-AB95-27081FEB0861}.Debug|Any CPU.ActiveCfg = Debug|Any CPU
		{990623C7-9441-4140-AB95-27081FEB0861}.Debug|Any CPU.Build.0 = Debug|Any CPU
		{990623C7-9441-4140-AB95-27081FEB0861}.Debug|x64.ActiveCfg = Debug|Any CPU
		{990623C7-9441-4140-AB95-27081FEB0861}.Debug|x64.Build.0 = Debug|Any CPU
		{990623C7-9441-4140-AB95-27081FEB0861}.Debug|x86.ActiveCfg = Debug|Any CPU
		{990623C7-9441-4140-AB95-27081FEB0861}.Debug|x86.Build.0 = Debug|Any CPU
		{990623C7-9441-4140-AB95-27081FEB0861}.Release|Any CPU.ActiveCfg = Release|Any CPU
		{990623C7-9441-4140-AB95-27081FEB0861}.Release|Any CPU.Build.0 = Release|Any CPU
		{990623C7-9441-4140-AB95-27081FEB0861}.Release|x64.ActiveCfg = Release|Any CPU
		{990623C7-9441-4140-AB95-27081FEB0861}.Release|x64.Build.0 = Release|Any CPU
		{990623C7-9441-4140-AB95-27081FEB0861}.Release|x86.ActiveCfg = Release|Any CPU
		{990623C7-9441-4140-AB95-27081FEB0861}.Release|x86.Build.0 = Release|Any CPU
	EndGlobalSection
EndGlobal
